
Microsoft Visual Studio Solution File, Format Version 12.00
# Visual Studio Version 17
VisualStudioVersion = 17.4.33213.308
MinimumVisualStudioVersion = 10.0.40219.1
Project("{FAE04EC0-301F-11D3-BF4B-00C04F79EFBC}") = "GraduationProject", "GraduationProject\GraduationProject.csproj", "{922084A8-EF72-4400-A454-0692F3836996}"
EndProject
Global
	GlobalSection(SolutionConfigurationPlatforms) = preSolution
		Debug|Any CPU = Debug|Any CPU
		Release|Any CPU = Release|Any CPU
	EndGlobalSection
	GlobalSection(ProjectConfigurationPlatforms) = postSolution
		{922084A8-EF72-4400-A454-0692F3836996}.Debug|Any CPU.ActiveCfg = Debug|Any CPU
		{922084A8-EF72-4400-A454-0692F3836996}.Debug|Any CPU.Build.0 = Debug|Any CPU
		{922084A8-EF72-4400-A454-0692F3836996}.Release|Any CPU.ActiveCfg = Release|Any CPU
		{922084A8-EF72-4400-A454-0692F3836996}.Release|Any CPU.Build.0 = Release|Any CPU
	EndGlobalSection
	GlobalSection(SolutionProperties) = preSolution
		HideSolutionNode = FALSE
	EndGlobalSection
	GlobalSection(ExtensibilityGlobals) = postSolution
		SolutionGuid = {166A7F0B-0E24-4544-8E8C-C0946869FC1D}
	EndGlobalSection
EndGlobal
